// !$*UTF8*$!
{
	archiveVersion = 1;
	classes = {
	};
	objectVersion = 56;
	objects = {

/* Begin PBXBuildFile section */
		600157232C02226200D02FFA /* shoppingList.swift in Sources */ = {isa = PBXBuildFile; fileRef = 600157222C02226200D02FFA /* shoppingList.swift */; };
		603118672C023BC30014DD00 /* RecipeSearchView.swift in Sources */ = {isa = PBXBuildFile; fileRef = 603118662C023BC30014DD00 /* RecipeSearchView.swift */; };
		6031188B2C02996D0014DD00 /* PJRPulseButton.swift in Sources */ = {isa = PBXBuildFile; fileRef = 6031188A2C02996D0014DD00 /* PJRPulseButton.swift */; };
		603118CC2C02C17B0014DD00 /* WidgetKit.framework in Frameworks */ = {isa = PBXBuildFile; fileRef = 603118CB2C02C17B0014DD00 /* WidgetKit.framework */; };
		603118CE2C02C17B0014DD00 /* SwiftUI.framework in Frameworks */ = {isa = PBXBuildFile; fileRef = 603118CD2C02C17B0014DD00 /* SwiftUI.framework */; };
		603118D12C02C17B0014DD00 /* QuickRecipe_ShoppingListBundle.swift in Sources */ = {isa = PBXBuildFile; fileRef = 603118D02C02C17B0014DD00 /* QuickRecipe_ShoppingListBundle.swift */; };
		603118D92C02C17D0014DD00 /* Assets.xcassets in Resources */ = {isa = PBXBuildFile; fileRef = 603118D82C02C17D0014DD00 /* Assets.xcassets */; };
		603118DD2C02C17D0014DD00 /* QuickRecipe_ShoppingListExtension.appex in Embed Foundation Extensions */ = {isa = PBXBuildFile; fileRef = 603118C92C02C17B0014DD00 /* QuickRecipe_ShoppingListExtension.appex */; settings = {ATTRIBUTES = (RemoveHeadersOnCopy, ); }; };
		603118E52C02C4460014DD00 /* shoppingList.swift in Sources */ = {isa = PBXBuildFile; fileRef = 600157222C02226200D02FFA /* shoppingList.swift */; };
		609FED732C02FBF100FB518A /* RecipeDetailView.swift in Sources */ = {isa = PBXBuildFile; fileRef = 609FED722C02FBF100FB518A /* RecipeDetailView.swift */; };
		60D059ED2BF5A58A00FA66C9 /* Preview Assets.xcassets in Resources */ = {isa = PBXBuildFile; fileRef = 60D059EC2BF5A58A00FA66C9 /* Preview Assets.xcassets */; };
		60D05A042BF5A5B400FA66C9 /* snap.gif in Resources */ = {isa = PBXBuildFile; fileRef = 60D059F42BF5A5B300FA66C9 /* snap.gif */; };
		60D05A052BF5A5B400FA66C9 /* splashscreen.swift in Sources */ = {isa = PBXBuildFile; fileRef = 60D059F52BF5A5B300FA66C9 /* splashscreen.swift */; };
		60D05A072BF5A5B400FA66C9 /* QuickRecipeApp.swift in Sources */ = {isa = PBXBuildFile; fileRef = 60D059F72BF5A5B300FA66C9 /* QuickRecipeApp.swift */; };
		60D05A0A2BF5A5B400FA66C9 /* favorites.gif in Resources */ = {isa = PBXBuildFile; fileRef = 60D059FA2BF5A5B300FA66C9 /* favorites.gif */; };
		60D05A0B2BF5A5B400FA66C9 /* Assets.xcassets in Resources */ = {isa = PBXBuildFile; fileRef = 60D059FB2BF5A5B400FA66C9 /* Assets.xcassets */; };
		60D05A0C2BF5A5B400FA66C9 /* ContentView.swift in Sources */ = {isa = PBXBuildFile; fileRef = 60D059FC2BF5A5B400FA66C9 /* ContentView.swift */; };
		60D05A0E2BF5A5B400FA66C9 /* pairup.gif in Resources */ = {isa = PBXBuildFile; fileRef = 60D059FE2BF5A5B400FA66C9 /* pairup.gif */; };
		60D05A0F2BF5A5B400FA66C9 /* ImageDetailsView.swift in Sources */ = {isa = PBXBuildFile; fileRef = 60D059FF2BF5A5B400FA66C9 /* ImageDetailsView.swift */; };
		60D05A122BF5A5B400FA66C9 /* walkthrough.swift in Sources */ = {isa = PBXBuildFile; fileRef = 60D05A022BF5A5B400FA66C9 /* walkthrough.swift */; };
		60D05A132BF5A5B400FA66C9 /* ImagePicker.swift in Sources */ = {isa = PBXBuildFile; fileRef = 60D05A032BF5A5B400FA66C9 /* ImagePicker.swift */; };
/* End PBXBuildFile section */

/* Begin PBXContainerItemProxy section */
		603118DB2C02C17D0014DD00 /* PBXContainerItemProxy */ = {
			isa = PBXContainerItemProxy;
			containerPortal = 60D059DA2BF5A58700FA66C9 /* Project object */;
			proxyType = 1;
			remoteGlobalIDString = 603118C82C02C17B0014DD00;
			remoteInfo = QuickRecipe_ShoppingListExtension;
		};
/* End PBXContainerItemProxy section */

/* Begin PBXCopyFilesBuildPhase section */
		603118DE2C02C17D0014DD00 /* Embed Foundation Extensions */ = {
			isa = PBXCopyFilesBuildPhase;
			buildActionMask = 2147483647;
			dstPath = "";
			dstSubfolderSpec = 13;
			files = (
				603118DD2C02C17D0014DD00 /* QuickRecipe_ShoppingListExtension.appex in Embed Foundation Extensions */,
			);
			name = "Embed Foundation Extensions";
			runOnlyForDeploymentPostprocessing = 0;
		};
/* End PBXCopyFilesBuildPhase section */

/* Begin PBXFileReference section */
		600157222C02226200D02FFA /* shoppingList.swift */ = {isa = PBXFileReference; lastKnownFileType = sourcecode.swift; path = shoppingList.swift; sourceTree = "<group>"; };
		603118662C023BC30014DD00 /* RecipeSearchView.swift */ = {isa = PBXFileReference; lastKnownFileType = sourcecode.swift; path = RecipeSearchView.swift; sourceTree = "<group>"; };
		6031188A2C02996D0014DD00 /* PJRPulseButton.swift */ = {isa = PBXFileReference; lastKnownFileType = sourcecode.swift; path = PJRPulseButton.swift; sourceTree = "<group>"; };
		603118C92C02C17B0014DD00 /* QuickRecipe_ShoppingListExtension.appex */ = {isa = PBXFileReference; explicitFileType = "wrapper.app-extension"; includeInIndex = 0; path = QuickRecipe_ShoppingListExtension.appex; sourceTree = BUILT_PRODUCTS_DIR; };
		603118CB2C02C17B0014DD00 /* WidgetKit.framework */ = {isa = PBXFileReference; lastKnownFileType = wrapper.framework; name = WidgetKit.framework; path = System/Library/Frameworks/WidgetKit.framework; sourceTree = SDKROOT; };
		603118CD2C02C17B0014DD00 /* SwiftUI.framework */ = {isa = PBXFileReference; lastKnownFileType = wrapper.framework; name = SwiftUI.framework; path = System/Library/Frameworks/SwiftUI.framework; sourceTree = SDKROOT; };
		603118D02C02C17B0014DD00 /* QuickRecipe_ShoppingListBundle.swift */ = {isa = PBXFileReference; lastKnownFileType = sourcecode.swift; path = QuickRecipe_ShoppingListBundle.swift; sourceTree = "<group>"; };
		603118D82C02C17D0014DD00 /* Assets.xcassets */ = {isa = PBXFileReference; lastKnownFileType = folder.assetcatalog; path = Assets.xcassets; sourceTree = "<group>"; };
		603118DA2C02C17D0014DD00 /* Info.plist */ = {isa = PBXFileReference; lastKnownFileType = text.plist.xml; path = Info.plist; sourceTree = "<group>"; };
		603118E22C02C1AA0014DD00 /* QuickRecipe.entitlements */ = {isa = PBXFileReference; lastKnownFileType = text.plist.entitlements; path = QuickRecipe.entitlements; sourceTree = "<group>"; };
		603118E32C02C1B40014DD00 /* QuickRecipe_ShoppingListExtension.entitlements */ = {isa = PBXFileReference; lastKnownFileType = text.plist.entitlements; path = QuickRecipe_ShoppingListExtension.entitlements; sourceTree = "<group>"; };
		609FED722C02FBF100FB518A /* RecipeDetailView.swift */ = {isa = PBXFileReference; lastKnownFileType = sourcecode.swift; path = RecipeDetailView.swift; sourceTree = "<group>"; };
		60D059E22BF5A58700FA66C9 /* QuickRecipe.app */ = {isa = PBXFileReference; explicitFileType = wrapper.application; includeInIndex = 0; path = QuickRecipe.app; sourceTree = BUILT_PRODUCTS_DIR; };
		60D059EC2BF5A58A00FA66C9 /* Preview Assets.xcassets */ = {isa = PBXFileReference; lastKnownFileType = folder.assetcatalog; path = "Preview Assets.xcassets"; sourceTree = "<group>"; };
		60D059F32BF5A5B200FA66C9 /* QuickRecipe-Bridging-Header.h */ = {isa = PBXFileReference; lastKnownFileType = sourcecode.c.h; path = "QuickRecipe-Bridging-Header.h"; sourceTree = "<group>"; };
		60D059F42BF5A5B300FA66C9 /* snap.gif */ = {isa = PBXFileReference; lastKnownFileType = image.gif; path = snap.gif; sourceTree = "<group>"; };
		60D059F52BF5A5B300FA66C9 /* splashscreen.swift */ = {isa = PBXFileReference; fileEncoding = 4; lastKnownFileType = sourcecode.swift; path = splashscreen.swift; sourceTree = "<group>"; };
		60D059F72BF5A5B300FA66C9 /* QuickRecipeApp.swift */ = {isa = PBXFileReference; fileEncoding = 4; lastKnownFileType = sourcecode.swift; path = QuickRecipeApp.swift; sourceTree = "<group>"; };
		60D059FA2BF5A5B300FA66C9 /* favorites.gif */ = {isa = PBXFileReference; lastKnownFileType = image.gif; path = favorites.gif; sourceTree = "<group>"; };
		60D059FB2BF5A5B400FA66C9 /* Assets.xcassets */ = {isa = PBXFileReference; lastKnownFileType = folder.assetcatalog; path = Assets.xcassets; sourceTree = "<group>"; };
		60D059FC2BF5A5B400FA66C9 /* ContentView.swift */ = {isa = PBXFileReference; fileEncoding = 4; lastKnownFileType = sourcecode.swift; path = ContentView.swift; sourceTree = "<group>"; };
		60D059FE2BF5A5B400FA66C9 /* pairup.gif */ = {isa = PBXFileReference; lastKnownFileType = image.gif; path = pairup.gif; sourceTree = "<group>"; };
		60D059FF2BF5A5B400FA66C9 /* ImageDetailsView.swift */ = {isa = PBXFileReference; fileEncoding = 4; lastKnownFileType = sourcecode.swift; path = ImageDetailsView.swift; sourceTree = "<group>"; };
		60D05A022BF5A5B400FA66C9 /* walkthrough.swift */ = {isa = PBXFileReference; fileEncoding = 4; lastKnownFileType = sourcecode.swift; path = walkthrough.swift; sourceTree = "<group>"; };
		60D05A032BF5A5B400FA66C9 /* ImagePicker.swift */ = {isa = PBXFileReference; fileEncoding = 4; lastKnownFileType = sourcecode.swift; path = ImagePicker.swift; sourceTree = "<group>"; };
/* End PBXFileReference section */

/* Begin PBXFrameworksBuildPhase section */
		603118C62C02C17B0014DD00 /* Frameworks */ = {
			isa = PBXFrameworksBuildPhase;
			buildActionMask = 2147483647;
			files = (
				603118CE2C02C17B0014DD00 /* SwiftUI.framework in Frameworks */,
				603118CC2C02C17B0014DD00 /* WidgetKit.framework in Frameworks */,
			);
			runOnlyForDeploymentPostprocessing = 0;
		};
		60D059DF2BF5A58700FA66C9 /* Frameworks */ = {
			isa = PBXFrameworksBuildPhase;
			buildActionMask = 2147483647;
			files = (
			);
			runOnlyForDeploymentPostprocessing = 0;
		};
/* End PBXFrameworksBuildPhase section */

/* Begin PBXGroup section */
		603118CA2C02C17B0014DD00 /* Frameworks */ = {
			isa = PBXGroup;
			children = (
				603118CB2C02C17B0014DD00 /* WidgetKit.framework */,
				603118CD2C02C17B0014DD00 /* SwiftUI.framework */,
			);
			name = Frameworks;
			sourceTree = "<group>";
		};
		603118CF2C02C17B0014DD00 /* QuickRecipe_ShoppingList */ = {
			isa = PBXGroup;
			children = (
				603118D02C02C17B0014DD00 /* QuickRecipe_ShoppingListBundle.swift */,
				603118D82C02C17D0014DD00 /* Assets.xcassets */,
				603118DA2C02C17D0014DD00 /* Info.plist */,
			);
			path = QuickRecipe_ShoppingList;
			sourceTree = "<group>";
		};
		60D059D92BF5A58700FA66C9 = {
			isa = PBXGroup;
			children = (
				603118E32C02C1B40014DD00 /* QuickRecipe_ShoppingListExtension.entitlements */,
				60D059E42BF5A58700FA66C9 /* QuickRecipe */,
				603118CF2C02C17B0014DD00 /* QuickRecipe_ShoppingList */,
				603118CA2C02C17B0014DD00 /* Frameworks */,
				60D059E32BF5A58700FA66C9 /* Products */,
			);
			sourceTree = "<group>";
		};
		60D059E32BF5A58700FA66C9 /* Products */ = {
			isa = PBXGroup;
			children = (
				60D059E22BF5A58700FA66C9 /* QuickRecipe.app */,
				603118C92C02C17B0014DD00 /* QuickRecipe_ShoppingListExtension.appex */,
			);
			name = Products;
			sourceTree = "<group>";
		};
		60D059E42BF5A58700FA66C9 /* QuickRecipe */ = {
			isa = PBXGroup;
			children = (
				603118E22C02C1AA0014DD00 /* QuickRecipe.entitlements */,
				60D059FB2BF5A5B400FA66C9 /* Assets.xcassets */,
				6031188A2C02996D0014DD00 /* PJRPulseButton.swift */,
				60D059FC2BF5A5B400FA66C9 /* ContentView.swift */,
				60D059FA2BF5A5B300FA66C9 /* favorites.gif */,
				60D059FF2BF5A5B400FA66C9 /* ImageDetailsView.swift */,
				60D05A032BF5A5B400FA66C9 /* ImagePicker.swift */,
				60D059F72BF5A5B300FA66C9 /* QuickRecipeApp.swift */,
				600157222C02226200D02FFA /* shoppingList.swift */,
				603118662C023BC30014DD00 /* RecipeSearchView.swift */,
				60D059FE2BF5A5B400FA66C9 /* pairup.gif */,
				60D059F42BF5A5B300FA66C9 /* snap.gif */,
				60D059F52BF5A5B300FA66C9 /* splashscreen.swift */,
				60D05A022BF5A5B400FA66C9 /* walkthrough.swift */,
				60D059EB2BF5A58A00FA66C9 /* Preview Content */,
				60D059F32BF5A5B200FA66C9 /* QuickRecipe-Bridging-Header.h */,
				609FED722C02FBF100FB518A /* RecipeDetailView.swift */,
			);
			path = QuickRecipe;
			sourceTree = "<group>";
		};
		60D059EB2BF5A58A00FA66C9 /* Preview Content */ = {
			isa = PBXGroup;
			children = (
				60D059EC2BF5A58A00FA66C9 /* Preview Assets.xcassets */,
			);
			path = "Preview Content";
			sourceTree = "<group>";
		};
/* End PBXGroup section */

/* Begin PBXNativeTarget section */
		603118C82C02C17B0014DD00 /* QuickRecipe_ShoppingListExtension */ = {
			isa = PBXNativeTarget;
			buildConfigurationList = 603118E12C02C17D0014DD00 /* Build configuration list for PBXNativeTarget "QuickRecipe_ShoppingListExtension" */;
			buildPhases = (
				603118C52C02C17B0014DD00 /* Sources */,
				603118C62C02C17B0014DD00 /* Frameworks */,
				603118C72C02C17B0014DD00 /* Resources */,
			);
			buildRules = (
			);
			dependencies = (
			);
			name = QuickRecipe_ShoppingListExtension;
			productName = QuickRecipe_ShoppingListExtension;
			productReference = 603118C92C02C17B0014DD00 /* QuickRecipe_ShoppingListExtension.appex */;
			productType = "com.apple.product-type.app-extension";
		};
		60D059E12BF5A58700FA66C9 /* QuickRecipe */ = {
			isa = PBXNativeTarget;
			buildConfigurationList = 60D059F02BF5A58A00FA66C9 /* Build configuration list for PBXNativeTarget "QuickRecipe" */;
			buildPhases = (
				60D059DE2BF5A58700FA66C9 /* Sources */,
				60D059DF2BF5A58700FA66C9 /* Frameworks */,
				60D059E02BF5A58700FA66C9 /* Resources */,
				603118DE2C02C17D0014DD00 /* Embed Foundation Extensions */,
			);
			buildRules = (
			);
			dependencies = (
				603118DC2C02C17D0014DD00 /* PBXTargetDependency */,
			);
			name = QuickRecipe;
			productName = QuickRecipe;
			productReference = 60D059E22BF5A58700FA66C9 /* QuickRecipe.app */;
			productType = "com.apple.product-type.application";
		};
/* End PBXNativeTarget section */

/* Begin PBXProject section */
		60D059DA2BF5A58700FA66C9 /* Project object */ = {
			isa = PBXProject;
			attributes = {
				BuildIndependentTargetsInParallel = 1;
				LastSwiftUpdateCheck = 1520;
				LastUpgradeCheck = 1520;
				TargetAttributes = {
					603118C82C02C17B0014DD00 = {
						CreatedOnToolsVersion = 15.2;
					};
					60D059E12BF5A58700FA66C9 = {
						CreatedOnToolsVersion = 15.2;
						LastSwiftMigration = 1520;
					};
				};
			};
			buildConfigurationList = 60D059DD2BF5A58700FA66C9 /* Build configuration list for PBXProject "QuickRecipe" */;
			compatibilityVersion = "Xcode 14.0";
			developmentRegion = en;
			hasScannedForEncodings = 0;
			knownRegions = (
				en,
				Base,
			);
			mainGroup = 60D059D92BF5A58700FA66C9;
			productRefGroup = 60D059E32BF5A58700FA66C9 /* Products */;
			projectDirPath = "";
			projectRoot = "";
			targets = (
				60D059E12BF5A58700FA66C9 /* QuickRecipe */,
				603118C82C02C17B0014DD00 /* QuickRecipe_ShoppingListExtension */,
			);
		};
/* End PBXProject section */

/* Begin PBXResourcesBuildPhase section */
		603118C72C02C17B0014DD00 /* Resources */ = {
			isa = PBXResourcesBuildPhase;
			buildActionMask = 2147483647;
			files = (
				603118D92C02C17D0014DD00 /* Assets.xcassets in Resources */,
			);
			runOnlyForDeploymentPostprocessing = 0;
		};
		60D059E02BF5A58700FA66C9 /* Resources */ = {
			isa = PBXResourcesBuildPhase;
			buildActionMask = 2147483647;
			files = (
				60D05A0E2BF5A5B400FA66C9 /* pairup.gif in Resources */,
				60D05A042BF5A5B400FA66C9 /* snap.gif in Resources */,
				60D05A0A2BF5A5B400FA66C9 /* favorites.gif in Resources */,
				60D05A0B2BF5A5B400FA66C9 /* Assets.xcassets in Resources */,
				60D059ED2BF5A58A00FA66C9 /* Preview Assets.xcassets in Resources */,
			);
			runOnlyForDeploymentPostprocessing = 0;
		};
/* End PBXResourcesBuildPhase section */

/* Begin PBXSourcesBuildPhase section */
		603118C52C02C17B0014DD00 /* Sources */ = {
			isa = PBXSourcesBuildPhase;
			buildActionMask = 2147483647;
			files = (
				603118D12C02C17B0014DD00 /* QuickRecipe_ShoppingListBundle.swift in Sources */,
				603118E52C02C4460014DD00 /* shoppingList.swift in Sources */,
			);
			runOnlyForDeploymentPostprocessing = 0;
		};
		60D059DE2BF5A58700FA66C9 /* Sources */ = {
			isa = PBXSourcesBuildPhase;
			buildActionMask = 2147483647;
			files = (
				60D05A072BF5A5B400FA66C9 /* QuickRecipeApp.swift in Sources */,
				609FED732C02FBF100FB518A /* RecipeDetailView.swift in Sources */,
				60D05A0C2BF5A5B400FA66C9 /* ContentView.swift in Sources */,
				60D05A122BF5A5B400FA66C9 /* walkthrough.swift in Sources */,
				603118672C023BC30014DD00 /* RecipeSearchView.swift in Sources */,
				60D05A0F2BF5A5B400FA66C9 /* ImageDetailsView.swift in Sources */,
				60D05A132BF5A5B400FA66C9 /* ImagePicker.swift in Sources */,
				600157232C02226200D02FFA /* shoppingList.swift in Sources */,
				6031188B2C02996D0014DD00 /* PJRPulseButton.swift in Sources */,
				60D05A052BF5A5B400FA66C9 /* splashscreen.swift in Sources */,
			);
			runOnlyForDeploymentPostprocessing = 0;
		};
/* End PBXSourcesBuildPhase section */

/* Begin PBXTargetDependency section */
		603118DC2C02C17D0014DD00 /* PBXTargetDependency */ = {
			isa = PBXTargetDependency;
			target = 603118C82C02C17B0014DD00 /* QuickRecipe_ShoppingListExtension */;
			targetProxy = 603118DB2C02C17D0014DD00 /* PBXContainerItemProxy */;
		};
/* End PBXTargetDependency section */

/* Begin XCBuildConfiguration section */
		603118DF2C02C17D0014DD00 /* Debug */ = {
			isa = XCBuildConfiguration;
			buildSettings = {
				ASSETCATALOG_COMPILER_GLOBAL_ACCENT_COLOR_NAME = AccentColor;
				ASSETCATALOG_COMPILER_WIDGET_BACKGROUND_COLOR_NAME = WidgetBackground;
				CODE_SIGN_ENTITLEMENTS = QuickRecipe_ShoppingListExtension.entitlements;
				CODE_SIGN_STYLE = Automatic;
				CURRENT_PROJECT_VERSION = 1;
				DEVELOPMENT_TEAM = J27K8V339X;
				GENERATE_INFOPLIST_FILE = YES;
				INFOPLIST_FILE = QuickRecipe_ShoppingList/Info.plist;
				INFOPLIST_KEY_CFBundleDisplayName = QuickRecipe_ShoppingList;
				INFOPLIST_KEY_NSHumanReadableCopyright = "";
				LD_RUNPATH_SEARCH_PATHS = (
					"$(inherited)",
					"@executable_path/Frameworks",
					"@executable_path/../../Frameworks",
				);
				MARKETING_VERSION = 1.0;
				PRODUCT_BUNDLE_IDENTIFIER = "com.rsr200.QuickRecipe.QuickRecipe-ShoppingList";
				PRODUCT_NAME = "$(TARGET_NAME)";
				SKIP_INSTALL = YES;
				SWIFT_EMIT_LOC_STRINGS = YES;
				SWIFT_VERSION = 5.0;
				TARGETED_DEVICE_FAMILY = "1,2";
			};
			name = Debug;
		};
		603118E02C02C17D0014DD00 /* Release */ = {
			isa = XCBuildConfiguration;
			buildSettings = {
				ASSETCATALOG_COMPILER_GLOBAL_ACCENT_COLOR_NAME = AccentColor;
				ASSETCATALOG_COMPILER_WIDGET_BACKGROUND_COLOR_NAME = WidgetBackground;
				CODE_SIGN_ENTITLEMENTS = QuickRecipe_ShoppingListExtension.entitlements;
				CODE_SIGN_STYLE = Automatic;
				CURRENT_PROJECT_VERSION = 1;
				DEVELOPMENT_TEAM = J27K8V339X;
				GENERATE_INFOPLIST_FILE = YES;
				INFOPLIST_FILE = QuickRecipe_ShoppingList/Info.plist;
				INFOPLIST_KEY_CFBundleDisplayName = QuickRecipe_ShoppingList;
				INFOPLIST_KEY_NSHumanReadableCopyright = "";
				LD_RUNPATH_SEARCH_PATHS = (
					"$(inherited)",
					"@executable_path/Frameworks",
					"@executable_path/../../Frameworks",
				);
				MARKETING_VERSION = 1.0;
				PRODUCT_BUNDLE_IDENTIFIER = "com.rsr200.QuickRecipe.QuickRecipe-ShoppingList";
				PRODUCT_NAME = "$(TARGET_NAME)";
				SKIP_INSTALL = YES;
				SWIFT_EMIT_LOC_STRINGS = YES;
				SWIFT_VERSION = 5.0;
				TARGETED_DEVICE_FAMILY = "1,2";
			};
			name = Release;
		};
		60D059EE2BF5A58A00FA66C9 /* Debug */ = {
			isa = XCBuildConfiguration;
			buildSettings = {
				ALWAYS_SEARCH_USER_PATHS = NO;
				ASSETCATALOG_COMPILER_GENERATE_SWIFT_ASSET_SYMBOL_EXTENSIONS = YES;
				CLANG_ANALYZER_NONNULL = YES;
				CLANG_ANALYZER_NUMBER_OBJECT_CONVERSION = YES_AGGRESSIVE;
				CLANG_CXX_LANGUAGE_STANDARD = "gnu++20";
				CLANG_ENABLE_MODULES = YES;
				CLANG_ENABLE_OBJC_ARC = YES;
				CLANG_ENABLE_OBJC_WEAK = YES;
				CLANG_WARN_BLOCK_CAPTURE_AUTORELEASING = YES;
				CLANG_WARN_BOOL_CONVERSION = YES;
				CLANG_WARN_COMMA = YES;
				CLANG_WARN_CONSTANT_CONVERSION = YES;
				CLANG_WARN_DEPRECATED_OBJC_IMPLEMENTATIONS = YES;
				CLANG_WARN_DIRECT_OBJC_ISA_USAGE = YES_ERROR;
				CLANG_WARN_DOCUMENTATION_COMMENTS = YES;
				CLANG_WARN_EMPTY_BODY = YES;
				CLANG_WARN_ENUM_CONVERSION = YES;
				CLANG_WARN_INFINITE_RECURSION = YES;
				CLANG_WARN_INT_CONVERSION = YES;
				CLANG_WARN_NON_LITERAL_NULL_CONVERSION = YES;
				CLANG_WARN_OBJC_IMPLICIT_RETAIN_SELF = YES;
				CLANG_WARN_OBJC_LITERAL_CONVERSION = YES;
				CLANG_WARN_OBJC_ROOT_CLASS = YES_ERROR;
				CLANG_WARN_QUOTED_INCLUDE_IN_FRAMEWORK_HEADER = YES;
				CLANG_WARN_RANGE_LOOP_ANALYSIS = YES;
				CLANG_WARN_STRICT_PROTOTYPES = YES;
				CLANG_WARN_SUSPICIOUS_MOVE = YES;
				CLANG_WARN_UNGUARDED_AVAILABILITY = YES_AGGRESSIVE;
				CLANG_WARN_UNREACHABLE_CODE = YES;
				CLANG_WARN__DUPLICATE_METHOD_MATCH = YES;
				COPY_PHASE_STRIP = NO;
				DEBUG_INFORMATION_FORMAT = dwarf;
				ENABLE_STRICT_OBJC_MSGSEND = YES;
				ENABLE_TESTABILITY = YES;
				ENABLE_USER_SCRIPT_SANDBOXING = YES;
				GCC_C_LANGUAGE_STANDARD = gnu17;
				GCC_DYNAMIC_NO_PIC = NO;
				GCC_NO_COMMON_BLOCKS = YES;
				GCC_OPTIMIZATION_LEVEL = 0;
				GCC_PREPROCESSOR_DEFINITIONS = (
					"DEBUG=1",
					"$(inherited)",
				);
				GCC_WARN_64_TO_32_BIT_CONVERSION = YES;
				GCC_WARN_ABOUT_RETURN_TYPE = YES_ERROR;
				GCC_WARN_UNDECLARED_SELECTOR = YES;
				GCC_WARN_UNINITIALIZED_AUTOS = YES_AGGRESSIVE;
				GCC_WARN_UNUSED_FUNCTION = YES;
				GCC_WARN_UNUSED_VARIABLE = YES;
				IPHONEOS_DEPLOYMENT_TARGET = 17.2;
				LOCALIZATION_PREFERS_STRING_CATALOGS = YES;
				MTL_ENABLE_DEBUG_INFO = INCLUDE_SOURCE;
				MTL_FAST_MATH = YES;
				ONLY_ACTIVE_ARCH = YES;
				SDKROOT = iphoneos;
				SWIFT_ACTIVE_COMPILATION_CONDITIONS = "DEBUG $(inherited)";
				SWIFT_OPTIMIZATION_LEVEL = "-Onone";
			};
			name = Debug;
		};
		60D059EF2BF5A58A00FA66C9 /* Release */ = {
			isa = XCBuildConfiguration;
			buildSettings = {
				ALWAYS_SEARCH_USER_PATHS = NO;
				ASSETCATALOG_COMPILER_GENERATE_SWIFT_ASSET_SYMBOL_EXTENSIONS = YES;
				CLANG_ANALYZER_NONNULL = YES;
				CLANG_ANALYZER_NUMBER_OBJECT_CONVERSION = YES_AGGRESSIVE;
				CLANG_CXX_LANGUAGE_STANDARD = "gnu++20";
				CLANG_ENABLE_MODULES = YES;
				CLANG_ENABLE_OBJC_ARC = YES;
				CLANG_ENABLE_OBJC_WEAK = YES;
				CLANG_WARN_BLOCK_CAPTURE_AUTORELEASING = YES;
				CLANG_WARN_BOOL_CONVERSION = YES;
				CLANG_WARN_COMMA = YES;
				CLANG_WARN_CONSTANT_CONVERSION = YES;
				CLANG_WARN_DEPRECATED_OBJC_IMPLEMENTATIONS = YES;
				CLANG_WARN_DIRECT_OBJC_ISA_USAGE = YES_ERROR;
				CLANG_WARN_DOCUMENTATION_COMMENTS = YES;
				CLANG_WARN_EMPTY_BODY = YES;
				CLANG_WARN_ENUM_CONVERSION = YES;
				CLANG_WARN_INFINITE_RECURSION = YES;
				CLANG_WARN_INT_CONVERSION = YES;
				CLANG_WARN_NON_LITERAL_NULL_CONVERSION = YES;
				CLANG_WARN_OBJC_IMPLICIT_RETAIN_SELF = YES;
				CLANG_WARN_OBJC_LITERAL_CONVERSION = YES;
				CLANG_WARN_OBJC_ROOT_CLASS = YES_ERROR;
				CLANG_WARN_QUOTED_INCLUDE_IN_FRAMEWORK_HEADER = YES;
				CLANG_WARN_RANGE_LOOP_ANALYSIS = YES;
				CLANG_WARN_STRICT_PROTOTYPES = YES;
				CLANG_WARN_SUSPICIOUS_MOVE = YES;
				CLANG_WARN_UNGUARDED_AVAILABILITY = YES_AGGRESSIVE;
				CLANG_WARN_UNREACHABLE_CODE = YES;
				CLANG_WARN__DUPLICATE_METHOD_MATCH = YES;
				COPY_PHASE_STRIP = NO;
				DEBUG_INFORMATION_FORMAT = "dwarf-with-dsym";
				ENABLE_NS_ASSERTIONS = NO;
				ENABLE_STRICT_OBJC_MSGSEND = YES;
				ENABLE_USER_SCRIPT_SANDBOXING = YES;
				GCC_C_LANGUAGE_STANDARD = gnu17;
				GCC_NO_COMMON_BLOCKS = YES;
				GCC_WARN_64_TO_32_BIT_CONVERSION = YES;
				GCC_WARN_ABOUT_RETURN_TYPE = YES_ERROR;
				GCC_WARN_UNDECLARED_SELECTOR = YES;
				GCC_WARN_UNINITIALIZED_AUTOS = YES_AGGRESSIVE;
				GCC_WARN_UNUSED_FUNCTION = YES;
				GCC_WARN_UNUSED_VARIABLE = YES;
				IPHONEOS_DEPLOYMENT_TARGET = 17.2;
				LOCALIZATION_PREFERS_STRING_CATALOGS = YES;
				MTL_ENABLE_DEBUG_INFO = NO;
				MTL_FAST_MATH = YES;
				SDKROOT = iphoneos;
				SWIFT_COMPILATION_MODE = wholemodule;
				VALIDATE_PRODUCT = YES;
			};
			name = Release;
		};
		60D059F12BF5A58A00FA66C9 /* Debug */ = {
			isa = XCBuildConfiguration;
			buildSettings = {
				ALWAYS_EMBED_SWIFT_STANDARD_LIBRARIES = YES;
				ASSETCATALOG_COMPILER_APPICON_NAME = AppIcon;
				ASSETCATALOG_COMPILER_GLOBAL_ACCENT_COLOR_NAME = AccentColor;
				CLANG_ENABLE_MODULES = YES;
				CODE_SIGN_ENTITLEMENTS = QuickRecipe/QuickRecipe.entitlements;
				CODE_SIGN_STYLE = Automatic;
				CURRENT_PROJECT_VERSION = 1;
				DEVELOPMENT_ASSET_PATHS = "\"QuickRecipe/Preview Content\"";
				DEVELOPMENT_TEAM = J27K8V339X;
				ENABLE_PREVIEWS = YES;
				GENERATE_INFOPLIST_FILE = YES;
				INFOPLIST_KEY_UIApplicationSceneManifest_Generation = YES;
				INFOPLIST_KEY_UIApplicationSupportsIndirectInputEvents = YES;
				INFOPLIST_KEY_UILaunchScreen_Generation = YES;
				INFOPLIST_KEY_UISupportedInterfaceOrientations_iPad = "UIInterfaceOrientationPortrait UIInterfaceOrientationPortraitUpsideDown UIInterfaceOrientationLandscapeLeft UIInterfaceOrientationLandscapeRight";
				INFOPLIST_KEY_UISupportedInterfaceOrientations_iPhone = "UIInterfaceOrientationPortrait UIInterfaceOrientationLandscapeLeft UIInterfaceOrientationLandscapeRight";
				LD_RUNPATH_SEARCH_PATHS = (
					"$(inherited)",
					"@executable_path/Frameworks",
				);
				MARKETING_VERSION = 1.0;
				PRODUCT_BUNDLE_IDENTIFIER = com.rsr200.QuickRecipe;
				PRODUCT_NAME = "$(TARGET_NAME)";
				SWIFT_EMIT_LOC_STRINGS = YES;
				SWIFT_OBJC_BRIDGING_HEADER = "QuickRecipe/QuickRecipe-Bridging-Header.h";
				SWIFT_OPTIMIZATION_LEVEL = "-Onone";
				SWIFT_VERSION = 5.0;
				TARGETED_DEVICE_FAMILY = "1,2";
			};
			name = Debug;
		};
		60D059F22BF5A58A00FA66C9 /* Release */ = {
			isa = XCBuildConfiguration;
			buildSettings = {
				ALWAYS_EMBED_SWIFT_STANDARD_LIBRARIES = YES;
				ASSETCATALOG_COMPILER_APPICON_NAME = AppIcon;
				ASSETCATALOG_COMPILER_GLOBAL_ACCENT_COLOR_NAME = AccentColor;
				CLANG_ENABLE_MODULES = YES;
				CODE_SIGN_ENTITLEMENTS = QuickRecipe/QuickRecipe.entitlements;
				CODE_SIGN_STYLE = Automatic;
				CURRENT_PROJECT_VERSION = 1;
				DEVELOPMENT_ASSET_PATHS = "\"QuickRecipe/Preview Content\"";
				DEVELOPMENT_TEAM = J27K8V339X;
				ENABLE_PREVIEWS = YES;
				GENERATE_INFOPLIST_FILE = YES;
				INFOPLIST_KEY_UIApplicationSceneManifest_Generation = YES;
				INFOPLIST_KEY_UIApplicationSupportsIndirectInputEvents = YES;
				INFOPLIST_KEY_UILaunchScreen_Generation = YES;
				INFOPLIST_KEY_UISupportedInterfaceOrientations_iPad = "UIInterfaceOrientationPortrait UIInterfaceOrientationPortraitUpsideDown UIInterfaceOrientationLandscapeLeft UIInterfaceOrientationLandscapeRight";
				INFOPLIST_KEY_UISupportedInterfaceOrientations_iPhone = "UIInterfaceOrientationPortrait UIInterfaceOrientationLandscapeLeft UIInterfaceOrientationLandscapeRight";
				LD_RUNPATH_SEARCH_PATHS = (
					"$(inherited)",
					"@executable_path/Frameworks",
				);
				MARKETING_VERSION = 1.0;
				PRODUCT_BUNDLE_IDENTIFIER = com.rsr200.QuickRecipe;
				PRODUCT_NAME = "$(TARGET_NAME)";
				SWIFT_EMIT_LOC_STRINGS = YES;
				SWIFT_OBJC_BRIDGING_HEADER = "QuickRecipe/QuickRecipe-Bridging-Header.h";
				SWIFT_VERSION = 5.0;
				TARGETED_DEVICE_FAMILY = "1,2";
			};
			name = Release;
		};
/* End XCBuildConfiguration section */

/* Begin XCConfigurationList section */
		603118E12C02C17D0014DD00 /* Build configuration list for PBXNativeTarget "QuickRecipe_ShoppingListExtension" */ = {
			isa = XCConfigurationList;
			buildConfigurations = (
				603118DF2C02C17D0014DD00 /* Debug */,
				603118E02C02C17D0014DD00 /* Release */,
			);
			defaultConfigurationIsVisible = 0;
			defaultConfigurationName = Release;
		};
		60D059DD2BF5A58700FA66C9 /* Build configuration list for PBXProject "QuickRecipe" */ = {
			isa = XCConfigurationList;
			buildConfigurations = (
				60D059EE2BF5A58A00FA66C9 /* Debug */,
				60D059EF2BF5A58A00FA66C9 /* Release */,
			);
			defaultConfigurationIsVisible = 0;
			defaultConfigurationName = Release;
		};
		60D059F02BF5A58A00FA66C9 /* Build configuration list for PBXNativeTarget "QuickRecipe" */ = {
			isa = XCConfigurationList;
			buildConfigurations = (
				60D059F12BF5A58A00FA66C9 /* Debug */,
				60D059F22BF5A58A00FA66C9 /* Release */,
			);
			defaultConfigurationIsVisible = 0;
			defaultConfigurationName = Release;
		};
/* End XCConfigurationList section */
	};
	rootObject = 60D059DA2BF5A58700FA66C9 /* Project object */;
}
